// !$*UTF8*$!
{
	archiveVersion = 1;
	classes = {
	};
	objectVersion = 55;
	objects = {

/* Begin PBXBuildFile section */
		0142985D28846768002F1F2F /* Lottie in Frameworks */ = {isa = PBXBuildFile; productRef = 0142985C28846768002F1F2F /* Lottie */; };
		0142988328846993002F1F2F /* LottieView.swift in Sources */ = {isa = PBXBuildFile; fileRef = 0142988228846993002F1F2F /* LottieView.swift */; };
		01429885288469A6002F1F2F /* MenuHeaderView.swift in Sources */ = {isa = PBXBuildFile; fileRef = 01429884288469A6002F1F2F /* MenuHeaderView.swift */; };
		01429887288469B4002F1F2F /* CityNameView.swift in Sources */ = {isa = PBXBuildFile; fileRef = 01429886288469B4002F1F2F /* CityNameView.swift */; };
		01429889288469C4002F1F2F /* TodayWeatherView.swift in Sources */ = {isa = PBXBuildFile; fileRef = 01429888288469C4002F1F2F /* TodayWeatherView.swift */; };
		0142988B288469D3002F1F2F /* HourlyWeatherView.swift in Sources */ = {isa = PBXBuildFile; fileRef = 0142988A288469D3002F1F2F /* HourlyWeatherView.swift */; };
		0142988D288469E1002F1F2F /* DailyWeatherView.swift in Sources */ = {isa = PBXBuildFile; fileRef = 0142988C288469E1002F1F2F /* DailyWeatherView.swift */; };
		0142988F288469EE002F1F2F /* CityView.swift in Sources */ = {isa = PBXBuildFile; fileRef = 0142988E288469EE002F1F2F /* CityView.swift */; };
		014298A228846CAF002F1F2F /* nightShowerRains.json in Resources */ = {isa = PBXBuildFile; fileRef = 0142989028846CAD002F1F2F /* nightShowerRains.json */; };
		014298A328846CAF002F1F2F /* nightSnow.json in Resources */ = {isa = PBXBuildFile; fileRef = 0142989128846CAD002F1F2F /* nightSnow.json */; };
		014298A428846CAF002F1F2F /* dayShowerRains.json in Resources */ = {isa = PBXBuildFile; fileRef = 0142989228846CAE002F1F2F /* dayShowerRains.json */; };
		014298A528846CAF002F1F2F /* nightBrokenClouds.json in Resources */ = {isa = PBXBuildFile; fileRef = 0142989328846CAE002F1F2F /* nightBrokenClouds.json */; };
		014298A628846CAF002F1F2F /* nightRain.json in Resources */ = {isa = PBXBuildFile; fileRef = 0142989428846CAE002F1F2F /* nightRain.json */; };
		014298A728846CAF002F1F2F /* nightFewClouds.json in Resources */ = {isa = PBXBuildFile; fileRef = 0142989528846CAE002F1F2F /* nightFewClouds.json */; };
		014298A828846CAF002F1F2F /* nightScatteredClouds.json in Resources */ = {isa = PBXBuildFile; fileRef = 0142989628846CAE002F1F2F /* nightScatteredClouds.json */; };
		014298A928846CAF002F1F2F /* dayThunderstorm.json in Resources */ = {isa = PBXBuildFile; fileRef = 0142989728846CAE002F1F2F /* dayThunderstorm.json */; };
		014298AA28846CAF002F1F2F /* dayClearSky.json in Resources */ = {isa = PBXBuildFile; fileRef = 0142989828846CAE002F1F2F /* dayClearSky.json */; };
		014298AB28846CAF002F1F2F /* nightThunderstorm.json in Resources */ = {isa = PBXBuildFile; fileRef = 0142989928846CAE002F1F2F /* nightThunderstorm.json */; };
		014298AC28846CAF002F1F2F /* dayFewClouds.json in Resources */ = {isa = PBXBuildFile; fileRef = 0142989A28846CAE002F1F2F /* dayFewClouds.json */; };
		014298AD28846CAF002F1F2F /* dayScatteredClouds.json in Resources */ = {isa = PBXBuildFile; fileRef = 0142989B28846CAE002F1F2F /* dayScatteredClouds.json */; };
		014298AE28846CAF002F1F2F /* daySnow.json in Resources */ = {isa = PBXBuildFile; fileRef = 0142989C28846CAE002F1F2F /* daySnow.json */; };
		014298AF28846CAF002F1F2F /* dayRain.json in Resources */ = {isa = PBXBuildFile; fileRef = 0142989D28846CAE002F1F2F /* dayRain.json */; };
		014298B028846CAF002F1F2F /* nightClearSky.json in Resources */ = {isa = PBXBuildFile; fileRef = 0142989E28846CAF002F1F2F /* nightClearSky.json */; };
		014298B128846CAF002F1F2F /* dayMist.json in Resources */ = {isa = PBXBuildFile; fileRef = 0142989F28846CAF002F1F2F /* dayMist.json */; };
		014298B228846CAF002F1F2F /* dayBrokenClouds.json in Resources */ = {isa = PBXBuildFile; fileRef = 014298A028846CAF002F1F2F /* dayBrokenClouds.json */; };
		014298B328846CAF002F1F2F /* nightMist.json in Resources */ = {isa = PBXBuildFile; fileRef = 014298A128846CAF002F1F2F /* nightMist.json */; };
		01A573F12882E3700084B0B6 /* WeatherAppApp.swift in Sources */ = {isa = PBXBuildFile; fileRef = 01A573F02882E3700084B0B6 /* WeatherAppApp.swift */; };
		01A573F32882E3700084B0B6 /* ContentView.swift in Sources */ = {isa = PBXBuildFile; fileRef = 01A573F22882E3700084B0B6 /* ContentView.swift */; };
		01A573F52882E3780084B0B6 /* Assets.xcassets in Resources */ = {isa = PBXBuildFile; fileRef = 01A573F42882E3780084B0B6 /* Assets.xcassets */; };
		01A573F82882E3780084B0B6 /* Preview Assets.xcassets in Resources */ = {isa = PBXBuildFile; fileRef = 01A573F72882E3780084B0B6 /* Preview Assets.xcassets */; };
		01A574042882E5AE0084B0B6 /* API.swift in Sources */ = {isa = PBXBuildFile; fileRef = 01A574032882E5AE0084B0B6 /* API.swift */; };
		01A574062882E5EA0084B0B6 /* API+Extensions.swift in Sources */ = {isa = PBXBuildFile; fileRef = 01A574052882E5EA0084B0B6 /* API+Extensions.swift */; };
		01A574082882E81E0084B0B6 /* NetworkManager.swift in Sources */ = {isa = PBXBuildFile; fileRef = 01A574072882E81E0084B0B6 /* NetworkManager.swift */; };
		01A5740A2882EBFA0084B0B6 /* WeatherResponse.swift in Sources */ = {isa = PBXBuildFile; fileRef = 01A574092882EBFA0084B0B6 /* WeatherResponse.swift */; };
		01A5740C2882EC080084B0B6 /* Weather.swift in Sources */ = {isa = PBXBuildFile; fileRef = 01A5740B2882EC080084B0B6 /* Weather.swift */; };
		01A5740E2882EC160084B0B6 /* WeatherDetail.swift in Sources */ = {isa = PBXBuildFile; fileRef = 01A5740D2882EC160084B0B6 /* WeatherDetail.swift */; };
		01A574102882EC230084B0B6 /* DailyWeather.swift in Sources */ = {isa = PBXBuildFile; fileRef = 01A5740F2882EC230084B0B6 /* DailyWeather.swift */; };
		01A574122882EC300084B0B6 /* Temperature.swift in Sources */ = {isa = PBXBuildFile; fileRef = 01A574112882EC300084B0B6 /* Temperature.swift */; };
		01A574142882F4930084B0B6 /* CityViewModel.swift in Sources */ = {isa = PBXBuildFile; fileRef = 01A574132882F4930084B0B6 /* CityViewModel.swift */; };
/* End PBXBuildFile section */

/* Begin PBXFileReference section */
		0142988228846993002F1F2F /* LottieView.swift */ = {isa = PBXFileReference; lastKnownFileType = sourcecode.swift; path = LottieView.swift; sourceTree = "<group>"; };
		01429884288469A6002F1F2F /* MenuHeaderView.swift */ = {isa = PBXFileReference; lastKnownFileType = sourcecode.swift; path = MenuHeaderView.swift; sourceTree = "<group>"; };
		01429886288469B4002F1F2F /* CityNameView.swift */ = {isa = PBXFileReference; lastKnownFileType = sourcecode.swift; path = CityNameView.swift; sourceTree = "<group>"; };
		01429888288469C4002F1F2F /* TodayWeatherView.swift */ = {isa = PBXFileReference; lastKnownFileType = sourcecode.swift; path = TodayWeatherView.swift; sourceTree = "<group>"; };
		0142988A288469D3002F1F2F /* HourlyWeatherView.swift */ = {isa = PBXFileReference; lastKnownFileType = sourcecode.swift; path = HourlyWeatherView.swift; sourceTree = "<group>"; };
		0142988C288469E1002F1F2F /* DailyWeatherView.swift */ = {isa = PBXFileReference; lastKnownFileType = sourcecode.swift; path = DailyWeatherView.swift; sourceTree = "<group>"; };
		0142988E288469EE002F1F2F /* CityView.swift */ = {isa = PBXFileReference; lastKnownFileType = sourcecode.swift; path = CityView.swift; sourceTree = "<group>"; };
		0142989028846CAD002F1F2F /* nightShowerRains.json */ = {isa = PBXFileReference; fileEncoding = 4; lastKnownFileType = text.json; path = nightShowerRains.json; sourceTree = "<group>"; };
		0142989128846CAD002F1F2F /* nightSnow.json */ = {isa = PBXFileReference; fileEncoding = 4; lastKnownFileType = text.json; path = nightSnow.json; sourceTree = "<group>"; };
		0142989228846CAE002F1F2F /* dayShowerRains.json */ = {isa = PBXFileReference; fileEncoding = 4; lastKnownFileType = text.json; path = dayShowerRains.json; sourceTree = "<group>"; };
		0142989328846CAE002F1F2F /* nightBrokenClouds.json */ = {isa = PBXFileReference; fileEncoding = 4; lastKnownFileType = text.json; path = nightBrokenClouds.json; sourceTree = "<group>"; };
		0142989428846CAE002F1F2F /* nightRain.json */ = {isa = PBXFileReference; fileEncoding = 4; lastKnownFileType = text.json; path = nightRain.json; sourceTree = "<group>"; };
		0142989528846CAE002F1F2F /* nightFewClouds.json */ = {isa = PBXFileReference; fileEncoding = 4; lastKnownFileType = text.json; path = nightFewClouds.json; sourceTree = "<group>"; };
		0142989628846CAE002F1F2F /* nightScatteredClouds.json */ = {isa = PBXFileReference; fileEncoding = 4; lastKnownFileType = text.json; path = nightScatteredClouds.json; sourceTree = "<group>"; };
		0142989728846CAE002F1F2F /* dayThunderstorm.json */ = {isa = PBXFileReference; fileEncoding = 4; lastKnownFileType = text.json; path = dayThunderstorm.json; sourceTree = "<group>"; };
		0142989828846CAE002F1F2F /* dayClearSky.json */ = {isa = PBXFileReference; fileEncoding = 4; lastKnownFileType = text.json; path = dayClearSky.json; sourceTree = "<group>"; };
		0142989928846CAE002F1F2F /* nightThunderstorm.json */ = {isa = PBXFileReference; fileEncoding = 4; lastKnownFileType = text.json; path = nightThunderstorm.json; sourceTree = "<group>"; };
		0142989A28846CAE002F1F2F /* dayFewClouds.json */ = {isa = PBXFileReference; fileEncoding = 4; lastKnownFileType = text.json; path = dayFewClouds.json; sourceTree = "<group>"; };
		0142989B28846CAE002F1F2F /* dayScatteredClouds.json */ = {isa = PBXFileReference; fileEncoding = 4; lastKnownFileType = text.json; path = dayScatteredClouds.json; sourceTree = "<group>"; };
		0142989C28846CAE002F1F2F /* daySnow.json */ = {isa = PBXFileReference; fileEncoding = 4; lastKnownFileType = text.json; path = daySnow.json; sourceTree = "<group>"; };
		0142989D28846CAE002F1F2F /* dayRain.json */ = {isa = PBXFileReference; fileEncoding = 4; lastKnownFileType = text.json; path = dayRain.json; sourceTree = "<group>"; };
		0142989E28846CAF002F1F2F /* nightClearSky.json */ = {isa = PBXFileReference; fileEncoding = 4; lastKnownFileType = text.json; path = nightClearSky.json; sourceTree = "<group>"; };
		0142989F28846CAF002F1F2F /* dayMist.json */ = {isa = PBXFileReference; fileEncoding = 4; lastKnownFileType = text.json; path = dayMist.json; sourceTree = "<group>"; };
		014298A028846CAF002F1F2F /* dayBrokenClouds.json */ = {isa = PBXFileReference; fileEncoding = 4; lastKnownFileType = text.json; path = dayBrokenClouds.json; sourceTree = "<group>"; };
		014298A128846CAF002F1F2F /* nightMist.json */ = {isa = PBXFileReference; fileEncoding = 4; lastKnownFileType = text.json; path = nightMist.json; sourceTree = "<group>"; };
		01A573ED2882E3700084B0B6 /* WeatherApp.app */ = {isa = PBXFileReference; explicitFileType = wrapper.application; includeInIndex = 0; path = WeatherApp.app; sourceTree = BUILT_PRODUCTS_DIR; };
		01A573F02882E3700084B0B6 /* WeatherAppApp.swift */ = {isa = PBXFileReference; lastKnownFileType = sourcecode.swift; path = WeatherAppApp.swift; sourceTree = "<group>"; };
		01A573F22882E3700084B0B6 /* ContentView.swift */ = {isa = PBXFileReference; lastKnownFileType = sourcecode.swift; path = ContentView.swift; sourceTree = "<group>"; };
		01A573F42882E3780084B0B6 /* Assets.xcassets */ = {isa = PBXFileReference; lastKnownFileType = folder.assetcatalog; path = Assets.xcassets; sourceTree = "<group>"; };
		01A573F72882E3780084B0B6 /* Preview Assets.xcassets */ = {isa = PBXFileReference; lastKnownFileType = folder.assetcatalog; path = "Preview Assets.xcassets"; sourceTree = "<group>"; };
		01A574032882E5AE0084B0B6 /* API.swift */ = {isa = PBXFileReference; lastKnownFileType = sourcecode.swift; path = API.swift; sourceTree = "<group>"; };
		01A574052882E5EA0084B0B6 /* API+Extensions.swift */ = {isa = PBXFileReference; lastKnownFileType = sourcecode.swift; path = "API+Extensions.swift"; sourceTree = "<group>"; };
		01A574072882E81E0084B0B6 /* NetworkManager.swift */ = {isa = PBXFileReference; lastKnownFileType = sourcecode.swift; path = NetworkManager.swift; sourceTree = "<group>"; };
		01A574092882EBFA0084B0B6 /* WeatherResponse.swift */ = {isa = PBXFileReference; lastKnownFileType = sourcecode.swift; path = WeatherResponse.swift; sourceTree = "<group>"; };
		01A5740B2882EC080084B0B6 /* Weather.swift */ = {isa = PBXFileReference; lastKnownFileType = sourcecode.swift; path = Weather.swift; sourceTree = "<group>"; };
		01A5740D2882EC160084B0B6 /* WeatherDetail.swift */ = {isa = PBXFileReference; lastKnownFileType = sourcecode.swift; path = WeatherDetail.swift; sourceTree = "<group>"; };
		01A5740F2882EC230084B0B6 /* DailyWeather.swift */ = {isa = PBXFileReference; lastKnownFileType = sourcecode.swift; path = DailyWeather.swift; sourceTree = "<group>"; };
		01A574112882EC300084B0B6 /* Temperature.swift */ = {isa = PBXFileReference; lastKnownFileType = sourcecode.swift; path = Temperature.swift; sourceTree = "<group>"; };
		01A574132882F4930084B0B6 /* CityViewModel.swift */ = {isa = PBXFileReference; lastKnownFileType = sourcecode.swift; path = CityViewModel.swift; sourceTree = "<group>"; };
/* End PBXFileReference section */

/* Begin PBXFrameworksBuildPhase section */
		01A573EA2882E3700084B0B6 /* Frameworks */ = {
			isa = PBXFrameworksBuildPhase;
			buildActionMask = 2147483647;
			files = (
				0142985D28846768002F1F2F /* Lottie in Frameworks */,
			);
			runOnlyForDeploymentPostprocessing = 0;
		};
/* End PBXFrameworksBuildPhase section */

/* Begin PBXGroup section */
		01A573E42882E3700084B0B6 = {
			isa = PBXGroup;
			children = (
				01A573EF2882E3700084B0B6 /* WeatherApp */,
				01A573EE2882E3700084B0B6 /* Products */,
			);
			sourceTree = "<group>";
		};
		01A573EE2882E3700084B0B6 /* Products */ = {
			isa = PBXGroup;
			children = (
				01A573ED2882E3700084B0B6 /* WeatherApp.app */,
			);
			name = Products;
			sourceTree = "<group>";
		};
		01A573EF2882E3700084B0B6 /* WeatherApp */ = {
			isa = PBXGroup;
			children = (
				01A574012882E5870084B0B6 /* LottieAnimations */,
				01A574022882E5950084B0B6 /* Views */,
				01A574002882E57B0084B0B6 /* Networking */,
				01A573FF2882E5730084B0B6 /* ViewModels */,
				01A573FE2882E56A0084B0B6 /* Models */,
				01A573F02882E3700084B0B6 /* WeatherAppApp.swift */,
				01A573F22882E3700084B0B6 /* ContentView.swift */,
				01A573F42882E3780084B0B6 /* Assets.xcassets */,
				01A573F62882E3780084B0B6 /* Preview Content */,
			);
			path = WeatherApp;
			sourceTree = "<group>";
		};
		01A573F62882E3780084B0B6 /* Preview Content */ = {
			isa = PBXGroup;
			children = (
				01A573F72882E3780084B0B6 /* Preview Assets.xcassets */,
			);
			path = "Preview Content";
			sourceTree = "<group>";
		};
		01A573FE2882E56A0084B0B6 /* Models */ = {
			isa = PBXGroup;
			children = (
				01A574092882EBFA0084B0B6 /* WeatherResponse.swift */,
				01A5740B2882EC080084B0B6 /* Weather.swift */,
				01A5740D2882EC160084B0B6 /* WeatherDetail.swift */,
				01A5740F2882EC230084B0B6 /* DailyWeather.swift */,
				01A574112882EC300084B0B6 /* Temperature.swift */,
			);
			path = Models;
			sourceTree = "<group>";
		};
		01A573FF2882E5730084B0B6 /* ViewModels */ = {
			isa = PBXGroup;
			children = (
				01A574132882F4930084B0B6 /* CityViewModel.swift */,
			);
			path = ViewModels;
			sourceTree = "<group>";
		};
		01A574002882E57B0084B0B6 /* Networking */ = {
			isa = PBXGroup;
			children = (
				01A574032882E5AE0084B0B6 /* API.swift */,
				01A574052882E5EA0084B0B6 /* API+Extensions.swift */,
				01A574072882E81E0084B0B6 /* NetworkManager.swift */,
			);
			path = Networking;
			sourceTree = "<group>";
		};
		01A574012882E5870084B0B6 /* LottieAnimations */ = {
			isa = PBXGroup;
			children = (
				014298A028846CAF002F1F2F /* dayBrokenClouds.json */,
				0142989828846CAE002F1F2F /* dayClearSky.json */,
				0142989A28846CAE002F1F2F /* dayFewClouds.json */,
				0142989F28846CAF002F1F2F /* dayMist.json */,
				0142989D28846CAE002F1F2F /* dayRain.json */,
				0142989B28846CAE002F1F2F /* dayScatteredClouds.json */,
				0142989228846CAE002F1F2F /* dayShowerRains.json */,
				0142989C28846CAE002F1F2F /* daySnow.json */,
				0142989728846CAE002F1F2F /* dayThunderstorm.json */,
				0142989328846CAE002F1F2F /* nightBrokenClouds.json */,
				0142989E28846CAF002F1F2F /* nightClearSky.json */,
				0142989528846CAE002F1F2F /* nightFewClouds.json */,
				014298A128846CAF002F1F2F /* nightMist.json */,
				0142989428846CAE002F1F2F /* nightRain.json */,
				0142989628846CAE002F1F2F /* nightScatteredClouds.json */,
				0142989028846CAD002F1F2F /* nightShowerRains.json */,
				0142989128846CAD002F1F2F /* nightSnow.json */,
				0142989928846CAE002F1F2F /* nightThunderstorm.json */,
			);
			path = LottieAnimations;
			sourceTree = "<group>";
		};
		01A574022882E5950084B0B6 /* Views */ = {
			isa = PBXGroup;
			children = (
				0142988228846993002F1F2F /* LottieView.swift */,
				01429884288469A6002F1F2F /* MenuHeaderView.swift */,
				01429886288469B4002F1F2F /* CityNameView.swift */,
				01429888288469C4002F1F2F /* TodayWeatherView.swift */,
				0142988A288469D3002F1F2F /* HourlyWeatherView.swift */,
				0142988C288469E1002F1F2F /* DailyWeatherView.swift */,
				0142988E288469EE002F1F2F /* CityView.swift */,
			);
			path = Views;
			sourceTree = "<group>";
		};
/* End PBXGroup section */

/* Begin PBXNativeTarget section */
		01A573EC2882E3700084B0B6 /* WeatherApp */ = {
			isa = PBXNativeTarget;
			buildConfigurationList = 01A573FB2882E3780084B0B6 /* Build configuration list for PBXNativeTarget "WeatherApp" */;
			buildPhases = (
				01A573E92882E3700084B0B6 /* Sources */,
				01A573EA2882E3700084B0B6 /* Frameworks */,
				01A573EB2882E3700084B0B6 /* Resources */,
			);
			buildRules = (
			);
			dependencies = (
			);
			name = WeatherApp;
			packageProductDependencies = (
				0142985C28846768002F1F2F /* Lottie */,
			);
			productName = WeatherApp;
			productReference = 01A573ED2882E3700084B0B6 /* WeatherApp.app */;
			productType = "com.apple.product-type.application";
		};
/* End PBXNativeTarget section */

/* Begin PBXProject section */
		01A573E52882E3700084B0B6 /* Project object */ = {
			isa = PBXProject;
			attributes = {
				BuildIndependentTargetsInParallel = 1;
				LastSwiftUpdateCheck = 1330;
				LastUpgradeCheck = 1330;
				TargetAttributes = {
					01A573EC2882E3700084B0B6 = {
						CreatedOnToolsVersion = 13.3;
					};
				};
			};
			buildConfigurationList = 01A573E82882E3700084B0B6 /* Build configuration list for PBXProject "WeatherApp" */;
			compatibilityVersion = "Xcode 13.0";
			developmentRegion = en;
			hasScannedForEncodings = 0;
			knownRegions = (
				en,
				Base,
			);
			mainGroup = 01A573E42882E3700084B0B6;
			packageReferences = (
				0142985B28846768002F1F2F /* XCRemoteSwiftPackageReference "lottie-ios" */,
			);
			productRefGroup = 01A573EE2882E3700084B0B6 /* Products */;
			projectDirPath = "";
			projectRoot = "";
			targets = (
				01A573EC2882E3700084B0B6 /* WeatherApp */,
			);
		};
/* End PBXProject section */

/* Begin PBXResourcesBuildPhase section */
		01A573EB2882E3700084B0B6 /* Resources */ = {
			isa = PBXResourcesBuildPhase;
			buildActionMask = 2147483647;
			files = (
				014298AE28846CAF002F1F2F /* daySnow.json in Resources */,
				01A573F82882E3780084B0B6 /* Preview Assets.xcassets in Resources */,
				014298A828846CAF002F1F2F /* nightScatteredClouds.json in Resources */,
				014298B028846CAF002F1F2F /* nightClearSky.json in Resources */,
				014298B228846CAF002F1F2F /* dayBrokenClouds.json in Resources */,
				014298AA28846CAF002F1F2F /* dayClearSky.json in Resources */,
				014298A728846CAF002F1F2F /* nightFewClouds.json in Resources */,
				014298A928846CAF002F1F2F /* dayThunderstorm.json in Resources */,
				014298B128846CAF002F1F2F /* dayMist.json in Resources */,
				014298B328846CAF002F1F2F /* nightMist.json in Resources */,
				014298A528846CAF002F1F2F /* nightBrokenClouds.json in Resources */,
				014298AC28846CAF002F1F2F /* dayFewClouds.json in Resources */,
				014298A228846CAF002F1F2F /* nightShowerRains.json in Resources */,
				014298AB28846CAF002F1F2F /* nightThunderstorm.json in Resources */,
				014298A428846CAF002F1F2F /* dayShowerRains.json in Resources */,
				014298A628846CAF002F1F2F /* nightRain.json in Resources */,
				014298AF28846CAF002F1F2F /* dayRain.json in Resources */,
				01A573F52882E3780084B0B6 /* Assets.xcassets in Resources */,
				014298AD28846CAF002F1F2F /* dayScatteredClouds.json in Resources */,
				014298A328846CAF002F1F2F /* nightSnow.json in Resources */,
			);
			runOnlyForDeploymentPostprocessing = 0;
		};
/* End PBXResourcesBuildPhase section */

/* Begin PBXSourcesBuildPhase section */
		01A573E92882E3700084B0B6 /* Sources */ = {
			isa = PBXSourcesBuildPhase;
			buildActionMask = 2147483647;
			files = (
				0142988D288469E1002F1F2F /* DailyWeatherView.swift in Sources */,
				0142988B288469D3002F1F2F /* HourlyWeatherView.swift in Sources */,
				01A574062882E5EA0084B0B6 /* API+Extensions.swift in Sources */,
				01A574142882F4930084B0B6 /* CityViewModel.swift in Sources */,
				01429887288469B4002F1F2F /* CityNameView.swift in Sources */,
				01A5740E2882EC160084B0B6 /* WeatherDetail.swift in Sources */,
				01A5740A2882EBFA0084B0B6 /* WeatherResponse.swift in Sources */,
				0142988F288469EE002F1F2F /* CityView.swift in Sources */,
				01A573F32882E3700084B0B6 /* ContentView.swift in Sources */,
				01A574082882E81E0084B0B6 /* NetworkManager.swift in Sources */,
				01A574042882E5AE0084B0B6 /* API.swift in Sources */,
				01429885288469A6002F1F2F /* MenuHeaderView.swift in Sources */,
				01A573F12882E3700084B0B6 /* WeatherAppApp.swift in Sources */,
				01A5740C2882EC080084B0B6 /* Weather.swift in Sources */,
				01429889288469C4002F1F2F /* TodayWeatherView.swift in Sources */,
				01A574122882EC300084B0B6 /* Temperature.swift in Sources */,
				01A574102882EC230084B0B6 /* DailyWeather.swift in Sources */,
				0142988328846993002F1F2F /* LottieView.swift in Sources */,
			);
			runOnlyForDeploymentPostprocessing = 0;
		};
/* End PBXSourcesBuildPhase section */

/* Begin XCBuildConfiguration section */
		01A573F92882E3780084B0B6 /* Debug */ = {
			isa = XCBuildConfiguration;
			buildSettings = {
				ALWAYS_SEARCH_USER_PATHS = NO;
				CLANG_ANALYZER_NONNULL = YES;
				CLANG_ANALYZER_NUMBER_OBJECT_CONVERSION = YES_AGGRESSIVE;
				CLANG_CXX_LANGUAGE_STANDARD = "gnu++17";
				CLANG_ENABLE_MODULES = YES;
				CLANG_ENABLE_OBJC_ARC = YES;
				CLANG_ENABLE_OBJC_WEAK = YES;
				CLANG_WARN_BLOCK_CAPTURE_AUTORELEASING = YES;
				CLANG_WARN_BOOL_CONVERSION = YES;
				CLANG_WARN_COMMA = YES;
				CLANG_WARN_CONSTANT_CONVERSION = YES;
				CLANG_WARN_DEPRECATED_OBJC_IMPLEMENTATIONS = YES;
				CLANG_WARN_DIRECT_OBJC_ISA_USAGE = YES_ERROR;
				CLANG_WARN_DOCUMENTATION_COMMENTS = YES;
				CLANG_WARN_EMPTY_BODY = YES;
				CLANG_WARN_ENUM_CONVERSION = YES;
				CLANG_WARN_INFINITE_RECURSION = YES;
				CLANG_WARN_INT_CONVERSION = YES;
				CLANG_WARN_NON_LITERAL_NULL_CONVERSION = YES;
				CLANG_WARN_OBJC_IMPLICIT_RETAIN_SELF = YES;
				CLANG_WARN_OBJC_LITERAL_CONVERSION = YES;
				CLANG_WARN_OBJC_ROOT_CLASS = YES_ERROR;
				CLANG_WARN_QUOTED_INCLUDE_IN_FRAMEWORK_HEADER = YES;
				CLANG_WARN_RANGE_LOOP_ANALYSIS = YES;
				CLANG_WARN_STRICT_PROTOTYPES = YES;
				CLANG_WARN_SUSPICIOUS_MOVE = YES;
				CLANG_WARN_UNGUARDED_AVAILABILITY = YES_AGGRESSIVE;
				CLANG_WARN_UNREACHABLE_CODE = YES;
				CLANG_WARN__DUPLICATE_METHOD_MATCH = YES;
				COPY_PHASE_STRIP = NO;
				DEBUG_INFORMATION_FORMAT = dwarf;
				ENABLE_STRICT_OBJC_MSGSEND = YES;
				ENABLE_TESTABILITY = YES;
				GCC_C_LANGUAGE_STANDARD = gnu11;
				GCC_DYNAMIC_NO_PIC = NO;
				GCC_NO_COMMON_BLOCKS = YES;
				GCC_OPTIMIZATION_LEVEL = 0;
				GCC_PREPROCESSOR_DEFINITIONS = (
					"DEBUG=1",
					"$(inherited)",
				);
				GCC_WARN_64_TO_32_BIT_CONVERSION = YES;
				GCC_WARN_ABOUT_RETURN_TYPE = YES_ERROR;
				GCC_WARN_UNDECLARED_SELECTOR = YES;
				GCC_WARN_UNINITIALIZED_AUTOS = YES_AGGRESSIVE;
				GCC_WARN_UNUSED_FUNCTION = YES;
				GCC_WARN_UNUSED_VARIABLE = YES;
				IPHONEOS_DEPLOYMENT_TARGET = 15.4;
				MTL_ENABLE_DEBUG_INFO = INCLUDE_SOURCE;
				MTL_FAST_MATH = YES;
				ONLY_ACTIVE_ARCH = YES;
				SDKROOT = iphoneos;
				SWIFT_ACTIVE_COMPILATION_CONDITIONS = DEBUG;
				SWIFT_OPTIMIZATION_LEVEL = "-Onone";
			};
			name = Debug;
		};
		01A573FA2882E3780084B0B6 /* Release */ = {
			isa = XCBuildConfiguration;
			buildSettings = {
				ALWAYS_SEARCH_USER_PATHS = NO;
				CLANG_ANALYZER_NONNULL = YES;
				CLANG_ANALYZER_NUMBER_OBJECT_CONVERSION = YES_AGGRESSIVE;
				CLANG_CXX_LANGUAGE_STANDARD = "gnu++17";
				CLANG_ENABLE_MODULES = YES;
				CLANG_ENABLE_OBJC_ARC = YES;
				CLANG_ENABLE_OBJC_WEAK = YES;
				CLANG_WARN_BLOCK_CAPTURE_AUTORELEASING = YES;
				CLANG_WARN_BOOL_CONVERSION = YES;
				CLANG_WARN_COMMA = YES;
				CLANG_WARN_CONSTANT_CONVERSION = YES;
				CLANG_WARN_DEPRECATED_OBJC_IMPLEMENTATIONS = YES;
				CLANG_WARN_DIRECT_OBJC_ISA_USAGE = YES_ERROR;
				CLANG_WARN_DOCUMENTATION_COMMENTS = YES;
				CLANG_WARN_EMPTY_BODY = YES;
				CLANG_WARN_ENUM_CONVERSION = YES;
				CLANG_WARN_INFINITE_RECURSION = YES;
				CLANG_WARN_INT_CONVERSION = YES;
				CLANG_WARN_NON_LITERAL_NULL_CONVERSION = YES;
				CLANG_WARN_OBJC_IMPLICIT_RETAIN_SELF = YES;
				CLANG_WARN_OBJC_LITERAL_CONVERSION = YES;
				CLANG_WARN_OBJC_ROOT_CLASS = YES_ERROR;
				CLANG_WARN_QUOTED_INCLUDE_IN_FRAMEWORK_HEADER = YES;
				CLANG_WARN_RANGE_LOOP_ANALYSIS = YES;
				CLANG_WARN_STRICT_PROTOTYPES = YES;
				CLANG_WARN_SUSPICIOUS_MOVE = YES;
				CLANG_WARN_UNGUARDED_AVAILABILITY = YES_AGGRESSIVE;
				CLANG_WARN_UNREACHABLE_CODE = YES;
				CLANG_WARN__DUPLICATE_METHOD_MATCH = YES;
				COPY_PHASE_STRIP = NO;
				DEBUG_INFORMATION_FORMAT = "dwarf-with-dsym";
				ENABLE_NS_ASSERTIONS = NO;
				ENABLE_STRICT_OBJC_MSGSEND = YES;
				GCC_C_LANGUAGE_STANDARD = gnu11;
				GCC_NO_COMMON_BLOCKS = YES;
				GCC_WARN_64_TO_32_BIT_CONVERSION = YES;
				GCC_WARN_ABOUT_RETURN_TYPE = YES_ERROR;
				GCC_WARN_UNDECLARED_SELECTOR = YES;
				GCC_WARN_UNINITIALIZED_AUTOS = YES_AGGRESSIVE;
				GCC_WARN_UNUSED_FUNCTION = YES;
				GCC_WARN_UNUSED_VARIABLE = YES;
				IPHONEOS_DEPLOYMENT_TARGET = 15.4;
				MTL_ENABLE_DEBUG_INFO = NO;
				MTL_FAST_MATH = YES;
				SDKROOT = iphoneos;
				SWIFT_COMPILATION_MODE = wholemodule;
				SWIFT_OPTIMIZATION_LEVEL = "-O";
				VALIDATE_PRODUCT = YES;
			};
			name = Release;
		};
		01A573FC2882E3780084B0B6 /* Debug */ = {
			isa = XCBuildConfiguration;
			buildSettings = {
				ASSETCATALOG_COMPILER_APPICON_NAME = AppIcon;
				ASSETCATALOG_COMPILER_GLOBAL_ACCENT_COLOR_NAME = AccentColor;
				CODE_SIGN_STYLE = Automatic;
				CURRENT_PROJECT_VERSION = 1;
				DEVELOPMENT_ASSET_PATHS = "\"WeatherApp/Preview Content\"";
				DEVELOPMENT_TEAM = S83TL6GCMZ;
				ENABLE_PREVIEWS = YES;
				GENERATE_INFOPLIST_FILE = YES;
				INFOPLIST_KEY_UIApplicationSceneManifest_Generation = YES;
				INFOPLIST_KEY_UIApplicationSupportsIndirectInputEvents = YES;
				INFOPLIST_KEY_UILaunchScreen_Generation = YES;
				INFOPLIST_KEY_UISupportedInterfaceOrientations_iPad = "UIInterfaceOrientationPortrait UIInterfaceOrientationPortraitUpsideDown UIInterfaceOrientationLandscapeLeft UIInterfaceOrientationLandscapeRight";
				INFOPLIST_KEY_UISupportedInterfaceOrientations_iPhone = "UIInterfaceOrientationPortrait UIInterfaceOrientationLandscapeLeft UIInterfaceOrientationLandscapeRight";
				LD_RUNPATH_SEARCH_PATHS = (
					"$(inherited)",
					"@executable_path/Frameworks",
				);
				MARKETING_VERSION = 1.0;
				PRODUCT_BUNDLE_IDENTIFIER = com.dhanajitkapali.WeatherApp;
				PRODUCT_NAME = "$(TARGET_NAME)";
				SWIFT_EMIT_LOC_STRINGS = YES;
				SWIFT_VERSION = 5.0;
				TARGETED_DEVICE_FAMILY = "1,2";
			};
			name = Debug;
		};
		01A573FD2882E3780084B0B6 /* Release */ = {
			isa = XCBuildConfiguration;
			buildSettings = {
				ASSETCATALOG_COMPILER_APPICON_NAME = AppIcon;
				ASSETCATALOG_COMPILER_GLOBAL_ACCENT_COLOR_NAME = AccentColor;
				CODE_SIGN_STYLE = Automatic;
				CURRENT_PROJECT_VERSION = 1;
				DEVELOPMENT_ASSET_PATHS = "\"WeatherApp/Preview Content\"";
				DEVELOPMENT_TEAM = S83TL6GCMZ;
				ENABLE_PREVIEWS = YES;
				GENERATE_INFOPLIST_FILE = YES;
				INFOPLIST_KEY_UIApplicationSceneManifest_Generation = YES;
				INFOPLIST_KEY_UIApplicationSupportsIndirectInputEvents = YES;
				INFOPLIST_KEY_UILaunchScreen_Generation = YES;
				INFOPLIST_KEY_UISupportedInterfaceOrientations_iPad = "UIInterfaceOrientationPortrait UIInterfaceOrientationPortraitUpsideDown UIInterfaceOrientationLandscapeLeft UIInterfaceOrientationLandscapeRight";
				INFOPLIST_KEY_UISupportedInterfaceOrientations_iPhone = "UIInterfaceOrientationPortrait UIInterfaceOrientationLandscapeLeft UIInterfaceOrientationLandscapeRight";
				LD_RUNPATH_SEARCH_PATHS = (
					"$(inherited)",
					"@executable_path/Frameworks",
				);
				MARKETING_VERSION = 1.0;
				PRODUCT_BUNDLE_IDENTIFIER = com.dhanajitkapali.WeatherApp;
				PRODUCT_NAME = "$(TARGET_NAME)";
				SWIFT_EMIT_LOC_STRINGS = YES;
				SWIFT_VERSION = 5.0;
				TARGETED_DEVICE_FAMILY = "1,2";
			};
			name = Release;
		};
/* End XCBuildConfiguration section */

/* Begin XCConfigurationList section */
		01A573E82882E3700084B0B6 /* Build configuration list for PBXProject "WeatherApp" */ = {
			isa = XCConfigurationList;
			buildConfigurations = (
				01A573F92882E3780084B0B6 /* Debug */,
				01A573FA2882E3780084B0B6 /* Release */,
			);
			defaultConfigurationIsVisible = 0;
			defaultConfigurationName = Release;
		};
		01A573FB2882E3780084B0B6 /* Build configuration list for PBXNativeTarget "WeatherApp" */ = {
			isa = XCConfigurationList;
			buildConfigurations = (
				01A573FC2882E3780084B0B6 /* Debug */,
				01A573FD2882E3780084B0B6 /* Release */,
			);
			defaultConfigurationIsVisible = 0;
			defaultConfigurationName = Release;
		};
/* End XCConfigurationList section */

/* Begin XCRemoteSwiftPackageReference section */
		0142985B28846768002F1F2F /* XCRemoteSwiftPackageReference "lottie-ios" */ = {
			isa = XCRemoteSwiftPackageReference;
			repositoryURL = "https://github.com/airbnb/lottie-ios.git";
			requirement = {
				kind = upToNextMajorVersion;
				minimumVersion = 3.0.0;
			};
		};
/* End XCRemoteSwiftPackageReference section */

/* Begin XCSwiftPackageProductDependency section */
		0142985C28846768002F1F2F /* Lottie */ = {
			isa = XCSwiftPackageProductDependency;
			package = 0142985B28846768002F1F2F /* XCRemoteSwiftPackageReference "lottie-ios" */;
			productName = Lottie;
		};
/* End XCSwiftPackageProductDependency section */
	};
	rootObject = 01A573E52882E3700084B0B6 /* Project object */;
}
